
Microsoft Visual Studio Solution File, Format Version 12.00
# Visual Studio Version 16
VisualStudioVersion = 16.0.31424.327
MinimumVisualStudioVersion = 10.0.40219.1
Project("{8BC9CEB8-8B4A-11D0-8D11-00A0C91BC942}") = "01_HelloWorld", "01_HelloWorld\01_HelloWorld.vcxproj", "{5AF53023-4779-4CF6-BF6B-F31A57A5227A}"
EndProject
Project("{8BC9CEB8-8B4A-11D0-8D11-00A0C91BC942}") = "02_Variable", "02_Variable\02_Variable.vcxproj", "{703A9DA7-15A3-4857-973E-DE7352A10BE8}"
EndProject
Project("{8BC9CEB8-8B4A-11D0-8D11-00A0C91BC942}") = "03_InputOutput", "03_InputOutput\03_InputOutput.vcxproj", "{432A6A68-B70C-4E9B-8749-EDFAF1B18C6C}"
EndProject
Project("{8BC9CEB8-8B4A-11D0-8D11-00A0C91BC942}") = "04_Operator", "04_Operator\04_Operator.vcxproj", "{E177B933-C68C-4529-BF1A-55EB419C1F6E}"
EndProject
Project("{8BC9CEB8-8B4A-11D0-8D11-00A0C91BC942}") = "05_Conditional", "05_Conditional\05_Conditional.vcxproj", "{B5679778-576E-4072-87F5-F5832AB0F20E}"
EndProject
Project("{8BC9CEB8-8B4A-11D0-8D11-00A0C91BC942}") = "06_Loop", "06_Loop\06_Loop.vcxproj", "{60455B0A-C31A-4DAD-8480-685FD0D090AA}"
EndProject
Project("{8BC9CEB8-8B4A-11D0-8D11-00A0C91BC942}") = "07_Function", "07_Function\07_Function.vcxproj", "{7ACBFD8F-B2D7-438D-BCE4-3AB0AAD6854A}"
EndProject
Project("{8BC9CEB8-8B4A-11D0-8D11-00A0C91BC942}") = "08_Array", "08_Array\08_Array.vcxproj", "{B29CACF0-1632-444B-8E8C-000D6870EE70}"
EndProject
Project("{8BC9CEB8-8B4A-11D0-8D11-00A0C91BC942}") = "09_Pointer", "09_Pointer\09_Pointer.vcxproj", "{7B6B7B32-706F-4802-884C-53D5B07B6417}"
EndProject
Project("{8BC9CEB8-8B4A-11D0-8D11-00A0C91BC942}") = "10_String", "10_String\10_String.vcxproj", "{74C32CED-50F7-4BC2-B416-6B98C3765276}"
EndProject
Project("{8BC9CEB8-8B4A-11D0-8D11-00A0C91BC942}") = "11_Struct", "11_Struct\11_Struct.vcxproj", "{243E8DB2-1EBA-49A8-AD72-E5E89CA9F9CB}"
EndProject
Global
	GlobalSection(SolutionConfigurationPlatforms) = preSolution
		Debug|x64 = Debug|x64
		Debug|x86 = Debug|x86
		Release|x64 = Release|x64
		Release|x86 = Release|x86
	EndGlobalSection
	GlobalSection(ProjectConfigurationPlatforms) = postSolution
		{5AF53023-4779-4CF6-BF6B-F31A57A5227A}.Debug|x64.ActiveCfg = Debug|x64
		{5AF53023-4779-4CF6-BF6B-F31A57A5227A}.Debug|x64.Build.0 = Debug|x64
		{5AF53023-4779-4CF6-BF6B-F31A57A5227A}.Debug|x86.ActiveCfg = Debug|Win32
		{5AF53023-4779-4CF6-BF6B-F31A57A5227A}.Debug|x86.Build.0 = Debug|Win32
		{5AF53023-4779-4CF6-BF6B-F31A57A5227A}.Release|x64.ActiveCfg = Release|x64
		{5AF53023-4779-4CF6-BF6B-F31A57A5227A}.Release|x64.Build.0 = Release|x64
		{5AF53023-4779-4CF6-BF6B-F31A57A5227A}.Release|x86.ActiveCfg = Release|Win32
		{5AF53023-4779-4CF6-BF6B-F31A57A5227A}.Release|x86.Build.0 = Release|Win32
		{703A9DA7-15A3-4857-973E-DE7352A10BE8}.Debug|x64.ActiveCfg = Debug|x64
		{703A9DA7-15A3-4857-973E-DE7352A10BE8}.Debug|x64.Build.0 = Debug|x64
		{703A9DA7-15A3-4857-973E-DE7352A10BE8}.Debug|x86.ActiveCfg = Debug|Win32
		{703A9DA7-15A3-4857-973E-DE7352A10BE8}.Debug|x86.Build.0 = Debug|Win32
		{703A9DA7-15A3-4857-973E-DE7352A10BE8}.Release|x64.ActiveCfg = Release|x64
		{703A9DA7-15A3-4857-973E-DE7352A10BE8}.Release|x64.Build.0 = Release|x64
		{703A9DA7-15A3-4857-973E-DE7352A10BE8}.Release|x86.ActiveCfg = Release|Win32
		{703A9DA7-15A3-4857-973E-DE7352A10BE8}.Release|x86.Build.0 = Release|Win32
		{432A6A68-B70C-4E9B-8749-EDFAF1B18C6C}.Debug|x64.ActiveCfg = Debug|x64
		{432A6A68-B70C-4E9B-8749-EDFAF1B18C6C}.Debug|x64.Build.0 = Debug|x64
		{432A6A68-B70C-4E9B-8749-EDFAF1B18C6C}.Debug|x86.ActiveCfg = Debug|Win32
		{432A6A68-B70C-4E9B-8749-EDFAF1B18C6C}.Debug|x86.Build.0 = Debug|Win32
		{432A6A68-B70C-4E9B-8749-EDFAF1B18C6C}.Release|x64.ActiveCfg = Release|x64
		{432A6A68-B70C-4E9B-8749-EDFAF1B18C6C}.Release|x64.Build.0 = Release|x64
		{432A6A68-B70C-4E9B-8749-EDFAF1B18C6C}.Release|x86.ActiveCfg = Release|Win32
		{432A6A68-B70C-4E9B-8749-EDFAF1B18C6C}.Release|x86.Build.0 = Release|Win32
		{E177B933-C68C-4529-BF1A-55EB419C1F6E}.Debug|x64.ActiveCfg = Debug|x64
		{E177B933-C68C-4529-BF1A-55EB419C1F6E}.Debug|x64.Build.0 = Debug|x64
		{E177B933-C68C-4529-BF1A-55EB419C1F6E}.Debug|x86.ActiveCfg = Debug|Win32
		{E177B933-C68C-4529-BF1A-55EB419C1F6E}.Debug|x86.Build.0 = Debug|Win32
		{E177B933-C68C-4529-BF1A-55EB419C1F6E}.Release|x64.ActiveCfg = Release|x64
		{E177B933-C68C-4529-BF1A-55EB419C1F6E}.Release|x64.Build.0 = Release|x64
		{E177B933-C68C-4529-BF1A-55EB419C1F6E}.Release|x86.ActiveCfg = Release|Win32
		{E177B933-C68C-4529-BF1A-55EB419C1F6E}.Release|x86.Build.0 = Release|Win32
		{B5679778-576E-4072-87F5-F5832AB0F20E}.Debug|x64.ActiveCfg = Debug|x64
		{B5679778-576E-4072-87F5-F5832AB0F20E}.Debug|x64.Build.0 = Debug|x64
		{B5679778-576E-4072-87F5-F5832AB0F20E}.Debug|x86.ActiveCfg = Debug|Win32
		{B5679778-576E-4072-87F5-F5832AB0F20E}.Debug|x86.Build.0 = Debug|Win32
		{B5679778-576E-4072-87F5-F5832AB0F20E}.Release|x64.ActiveCfg = Release|x64
		{B5679778-576E-4072-87F5-F5832AB0F20E}.Release|x64.Build.0 = Release|x64
		{B5679778-576E-4072-87F5-F5832AB0F20E}.Release|x86.ActiveCfg = Release|Win32
		{B5679778-576E-4072-87F5-F5832AB0F20E}.Release|x86.Build.0 = Release|Win32
		{60455B0A-C31A-4DAD-8480-685FD0D090AA}.Debug|x64.ActiveCfg = Debug|x64
		{60455B0A-C31A-4DAD-8480-685FD0D090AA}.Debug|x64.Build.0 = Debug|x64
		{60455B0A-C31A-4DAD-8480-685FD0D090AA}.Debug|x86.ActiveCfg = Debug|Win32
		{60455B0A-C31A-4DAD-8480-685FD0D090AA}.Debug|x86.Build.0 = Debug|Win32
		{60455B0A-C31A-4DAD-8480-685FD0D090AA}.Release|x64.ActiveCfg = Release|x64
		{60455B0A-C31A-4DAD-8480-685FD0D090AA}.Release|x64.Build.0 = Release|x64
		{60455B0A-C31A-4DAD-8480-685FD0D090AA}.Release|x86.ActiveCfg = Release|Win32
		{60455B0A-C31A-4DAD-8480-685FD0D090AA}.Release|x86.Build.0 = Release|Win32
		{7ACBFD8F-B2D7-438D-BCE4-3AB0AAD6854A}.Debug|x64.ActiveCfg = Debug|x64
		{7ACBFD8F-B2D7-438D-BCE4-3AB0AAD6854A}.Debug|x64.Build.0 = Debug|x64
		{7ACBFD8F-B2D7-438D-BCE4-3AB0AAD6854A}.Debug|x86.ActiveCfg = Debug|Win32
		{7ACBFD8F-B2D7-438D-BCE4-3AB0AAD6854A}.Debug|x86.Build.0 = Debug|Win32
		{7ACBFD8F-B2D7-438D-BCE4-3AB0AAD6854A}.Release|x64.ActiveCfg = Release|x64
		{7ACBFD8F-B2D7-438D-BCE4-3AB0AAD6854A}.Release|x64.Build.0 = Release|x64
		{7ACBFD8F-B2D7-438D-BCE4-3AB0AAD6854A}.Release|x86.ActiveCfg = Release|Win32
		{7ACBFD8F-B2D7-438D-BCE4-3AB0AAD6854A}.Release|x86.Build.0 = Release|Win32
		{B29CACF0-1632-444B-8E8C-000D6870EE70}.Debug|x64.ActiveCfg = Debug|x64
		{B29CACF0-1632-444B-8E8C-000D6870EE70}.Debug|x64.Build.0 = Debug|x64
		{B29CACF0-1632-444B-8E8C-000D6870EE70}.Debug|x86.ActiveCfg = Debug|Win32
		{B29CACF0-1632-444B-8E8C-000D6870EE70}.Debug|x86.Build.0 = Debug|Win32
		{B29CACF0-1632-444B-8E8C-000D6870EE70}.Release|x64.ActiveCfg = Release|x64
		{B29CACF0-1632-444B-8E8C-000D6870EE70}.Release|x64.Build.0 = Release|x64
		{B29CACF0-1632-444B-8E8C-000D6870EE70}.Release|x86.ActiveCfg = Release|Win32
		{B29CACF0-1632-444B-8E8C-000D6870EE70}.Release|x86.Build.0 = Release|Win32
		{7B6B7B32-706F-4802-884C-53D5B07B6417}.Debug|x64.ActiveCfg = Debug|x64
		{7B6B7B32-706F-4802-884C-53D5B07B6417}.Debug|x64.Build.0 = Debug|x64
		{7B6B7B32-706F-4802-884C-53D5B07B6417}.Debug|x86.ActiveCfg = Debug|Win32
		{7B6B7B32-706F-4802-884C-53D5B07B6417}.Debug|x86.Build.0 = Debug|Win32
		{7B6B7B32-706F-4802-884C-53D5B07B6417}.Release|x64.ActiveCfg = Release|x64
		{7B6B7B32-706F-4802-884C-53D5B07B6417}.Release|x64.Build.0 = Release|x64
		{7B6B7B32-706F-4802-884C-53D5B07B6417}.Release|x86.ActiveCfg = Release|Win32
		{7B6B7B32-706F-4802-884C-53D5B07B6417}.Release|x86.Build.0 = Release|Win32
		{74C32CED-50F7-4BC2-B416-6B98C3765276}.Debug|x64.ActiveCfg = Debug|x64
		{74C32CED-50F7-4BC2-B416-6B98C3765276}.Debug|x64.Build.0 = Debug|x64
		{74C32CED-50F7-4BC2-B416-6B98C3765276}.Debug|x86.ActiveCfg = Debug|Win32
		{74C32CED-50F7-4BC2-B416-6B98C3765276}.Debug|x86.Build.0 = Debug|Win32
		{74C32CED-50F7-4BC2-B416-6B98C3765276}.Release|x64.ActiveCfg = Release|x64
		{74C32CED-50F7-4BC2-B416-6B98C3765276}.Release|x64.Build.0 = Release|x64
		{74C32CED-50F7-4BC2-B416-6B98C3765276}.Release|x86.ActiveCfg = Release|Win32
		{74C32CED-50F7-4BC2-B416-6B98C3765276}.Release|x86.Build.0 = Release|Win32
		{243E8DB2-1EBA-49A8-AD72-E5E89CA9F9CB}.Debug|x64.ActiveCfg = Debug|x64
		{243E8DB2-1EBA-49A8-AD72-E5E89CA9F9CB}.Debug|x64.Build.0 = Debug|x64
		{243E8DB2-1EBA-49A8-AD72-E5E89CA9F9CB}.Debug|x86.ActiveCfg = Debug|Win32
		{243E8DB2-1EBA-49A8-AD72-E5E89CA9F9CB}.Debug|x86.Build.0 = Debug|Win32
		{243E8DB2-1EBA-49A8-AD72-E5E89CA9F9CB}.Release|x64.ActiveCfg = Release|x64
		{243E8DB2-1EBA-49A8-AD72-E5E89CA9F9CB}.Release|x64.Build.0 = Release|x64
		{243E8DB2-1EBA-49A8-AD72-E5E89CA9F9CB}.Release|x86.ActiveCfg = Release|Win32
		{243E8DB2-1EBA-49A8-AD72-E5E89CA9F9CB}.Release|x86.Build.0 = Release|Win32
	EndGlobalSection
	GlobalSection(SolutionProperties) = preSolution
		HideSolutionNode = FALSE
	EndGlobalSection
	GlobalSection(ExtensibilityGlobals) = postSolution
		SolutionGuid = {297973E0-8E12-4004-9648-8623BCD36E57}
	EndGlobalSection
EndGlobal
